{
  "name": "personal-site",
  "version": "1.0.0",
  "lockfileVersion": 2,
  "requires": true,
  "packages": {
    "": {
      "name": "personal-site",
      "version": "1.0.0",
      "license": "ISC",
      "dependencies": {
        "@hyperfov/link-previews": "^1.0.0-beta"
      }
    },
    "node_modules/@hyperfov/link-previews": {
      "version": "1.0.0-beta",
      "resolved": "https://registry.npmjs.org/@hyperfov/link-previews/-/link-previews-1.0.0-beta.tgz",
      "integrity": "sha512-mfNb6+TwFAYx51RP/XFBPu0h5FzFKOQNgrtNhW7cO4s+h+8xSkfSoR8X6TYS3I6CZkiMH2fJLlxyb4hsjflhWQ==",
      "dependencies": {
        "tippy.js": "^6.3.7"
      }
    },
    "node_modules/@popperjs/core": {
      "version": "2.11.6",
      "resolved": "https://registry.npmjs.org/@popperjs/core/-/core-2.11.6.tgz",
      "integrity": "sha512-50/17A98tWUfQ176raKiOGXuYpLyyVMkxxG6oylzL3BPOlA6ADGdK7EYunSa4I064xerltq9TGXs8HmOk5E+vw==",
      "funding": {
        "type": "opencollective",
        "url": "https://opencollective.com/popperjs"
      }
    },
    "node_modules/tippy.js": {
      "version": "6.3.7",
      "resolved": "https://registry.npmjs.org/tippy.js/-/tippy.js-6.3.7.tgz",
      "integrity": "sha512-E1d3oP2emgJ9dRQZdf3Kkn0qJgI6ZLpyS5z6ZkY1DF3kaQaBsGZsndEpHwx+eC+tYM41HaSNvNtLx8tU57FzTQ==",
      "dependencies": {
        "@popperjs/core": "^2.9.0"
      }
    }
  },
  "dependencies": {
    "@hyperfov/link-previews": {
      "version": "1.0.0-beta",
      "resolved": "https://registry.npmjs.org/@hyperfov/link-previews/-/link-previews-1.0.0-beta.tgz",
      "integrity": "sha512-mfNb6+TwFAYx51RP/XFBPu0h5FzFKOQNgrtNhW7cO4s+h+8xSkfSoR8X6TYS3I6CZkiMH2fJLlxyb4hsjflhWQ==",
      "requires": {
        "tippy.js": "^6.3.7"
      }
    },
    "@popperjs/core": {
      "version": "2.11.6",
      "resolved": "https://registry.npmjs.org/@popperjs/core/-/core-2.11.6.tgz",
      "integrity": "sha512-50/17A98tWUfQ176raKiOGXuYpLyyVMkxxG6oylzL3BPOlA6ADGdK7EYunSa4I064xerltq9TGXs8HmOk5E+vw=="
    },
    "tippy.js": {
      "version": "6.3.7",
      "resolved": "https://registry.npmjs.org/tippy.js/-/tippy.js-6.3.7.tgz",
      "integrity": "sha512-E1d3oP2emgJ9dRQZdf3Kkn0qJgI6ZLpyS5z6ZkY1DF3kaQaBsGZsndEpHwx+eC+tYM41HaSNvNtLx8tU57FzTQ==",
      "requires": {
        "@popperjs/core": "^2.9.0"
      }
    }
  }
}
